# This file is automatically @generated by Poetry 1.8.2 and should not be changed by hand.

[[package]]
name = "colorama"
version = "0.4.6"
description = "Cross-platform colored terminal text."
optional = false
python-versions = "!=3.0.*,!=3.1.*,!=3.2.*,!=3.3.*,!=3.4.*,!=3.5.*,!=3.6.*,>=2.7"
files = [
    {file = "colorama-0.4.6-py2.py3-none-any.whl", hash = "sha256:4f1d9991f5acc0ca119f9d443620b77f9d6b33703e51011c16baf57afb285fc6"},
    {file = "colorama-0.4.6.tar.gz", hash = "sha256:08695f5cb7ed6e0531a20572697297273c47b8cae5a63ffc6d6ed5c201be6e44"},
]

[[package]]
name = "iniconfig"
version = "2.0.0"
description = "brain-dead simple config-ini parsing"
optional = false
python-versions = ">=3.7"
files = [
    {file = "iniconfig-2.0.0-py3-none-any.whl", hash = "sha256:b6a85871a79d2e3b22d2d1b94ac2824226a63c6b741c88f7ae975f18b6778374"},
    {file = "iniconfig-2.0.0.tar.gz", hash = "sha256:2d91e135bf72d31a410b17c16da610a82cb55f6b0477d1a902134b24a455b8b3"},
]

[[package]]
name = "packaging"
version = "24.1"
description = "Core utilities for Python packages"
optional = false
python-versions = ">=3.8"
files = [
    {file = "packaging-24.1-py3-none-any.whl", hash = "sha256:5b8f2217dbdbd2f7f384c41c628544e6d52f2d0f53c6d0c3ea61aa5d1d7ff124"},
    {file = "packaging-24.1.tar.gz", hash = "sha256:026ed72c8ed3fcce5bf8950572258698927fd1dbda10a5e981cdf0ac37f4f002"},
]

[[package]]
name = "pluggy"
version = "1.5.0"
description = "plugin and hook calling mechanisms for python"
optional = false
python-versions = ">=3.8"
files = [
    {file = "pluggy-1.5.0-py3-none-any.whl", hash = "sha256:44e1ad92c8ca002de6377e165f3e0f1be63266ab4d554740532335b9d75ea669"},
    {file = "pluggy-1.5.0.tar.gz", hash = "sha256:2cffa88e94fdc978c4c574f15f9e59b7f4201d439195c3715ca9e2486f1d0cf1"},
]

[package.extras]
dev = ["pre-commit", "tox"]
testing = ["pytest", "pytest-benchmark"]

[[package]]
name = "pytest"
version = "8.2.2"
description = "pytest: simple powerful testing with Python"
optional = false
python-versions = ">=3.8"
files = [
    {file = "pytest-8.2.2-py3-none-any.whl", hash = "sha256:c434598117762e2bd304e526244f67bf66bbd7b5d6cf22138be51ff661980343"},
    {file = "pytest-8.2.2.tar.gz", hash = "sha256:de4bb8104e201939ccdc688b27a89a7be2079b22e2bd2b07f806b6ba71117977"},
]

[package.dependencies]
colorama = {version = "*", markers = "sys_platform == \"win32\""}
iniconfig = "*"
packaging = "*"
pluggy = ">=1.5,<2.0"

[package.extras]
dev = ["argcomplete", "attrs (>=19.2)", "hypothesis (>=3.56)", "mock", "pygments (>=2.7.2)", "requests", "setuptools", "xmlschema"]

[[package]]
name = "tree-sitter"
version = "0.22.3"
description = "Python bindings to the Tree-sitter parsing library"
optional = false
python-versions = ">=3.9"
files = [
    {file = "tree-sitter-0.22.3.tar.gz", hash = "sha256:6516bcef5d36e0365670b97c91a169c8b1aa82ea4b60946b879020820718ce3d"},
    {file = "tree_sitter-0.22.3-cp310-cp310-macosx_10_9_x86_64.whl", hash = "sha256:d9a26dd80cf10763527483b02ba35a0b8d9168f324dbbce3f07860256c29bf15"},
    {file = "tree_sitter-0.22.3-cp310-cp310-macosx_11_0_arm64.whl", hash = "sha256:4bcbe0a7358628629d9ec8e5687477e12f7c6aae6943b0872afb7170db039b86"},
    {file = "tree_sitter-0.22.3-cp310-cp310-manylinux_2_17_aarch64.manylinux2014_aarch64.whl", hash = "sha256:dfa45e6bf2542862ce987482fe212ef3153bd331d5bba5873b9f485f8923f65a"},
    {file = "tree_sitter-0.22.3-cp310-cp310-manylinux_2_17_x86_64.manylinux2014_x86_64.whl", hash = "sha256:4545b142da82f9668007180e0081583054682d0154cd6349796ac77dc8520d63"},
    {file = "tree_sitter-0.22.3-cp310-cp310-musllinux_1_1_aarch64.whl", hash = "sha256:4978d22fe2868ab9a91125f49bd576ce5f954cc887c19471e0c33e104f37ba71"},
    {file = "tree_sitter-0.22.3-cp310-cp310-musllinux_1_1_x86_64.whl", hash = "sha256:0ec593a69f8c4f1c81494147814d11b7fc6c903e5299e084ae7b89caf95cef84"},
    {file = "tree_sitter-0.22.3-cp310-cp310-win_amd64.whl", hash = "sha256:0f66b88b8e9993630613d594e845f3cf2695fef87d0ca1475437cb17eeb72dc5"},
    {file = "tree_sitter-0.22.3-cp311-cp311-macosx_10_9_x86_64.whl", hash = "sha256:9e627eb129421f63378e936b5d0e13b8befa6e7c5267a8a7621a397a84e8f1f7"},
    {file = "tree_sitter-0.22.3-cp311-cp311-macosx_11_0_arm64.whl", hash = "sha256:3cfa2a9860bfb0404ae28a9cf056dab8f2eb7f1673d8cc9b3f7e21452daad0e0"},
    {file = "tree_sitter-0.22.3-cp311-cp311-manylinux_2_17_aarch64.manylinux2014_aarch64.whl", hash = "sha256:d9a66cc5f19635119a9d8325bcb00a58ed48427e3c3d307caf7c00d745ac83a5"},
    {file = "tree_sitter-0.22.3-cp311-cp311-manylinux_2_17_x86_64.manylinux2014_x86_64.whl", hash = "sha256:de16468ea22c910e67caa91c99be9d6eb73e97e5164480a890f678b22d32faca"},
    {file = "tree_sitter-0.22.3-cp311-cp311-musllinux_1_1_aarch64.whl", hash = "sha256:98c697427f82abab6b39cfe2ade6547d844dd419fa8cfc89031bcdf7c10579b6"},
    {file = "tree_sitter-0.22.3-cp311-cp311-musllinux_1_1_x86_64.whl", hash = "sha256:548aa34f15a29aef1fc8e85507f13e0678a54f1de16461f844d86179b19bb5f6"},
    {file = "tree_sitter-0.22.3-cp311-cp311-win_amd64.whl", hash = "sha256:2fc0e1097fb86623b340141e80a0f2b7668b09d953501d91adc715a577e32c61"},
    {file = "tree_sitter-0.22.3-cp312-cp312-macosx_10_9_x86_64.whl", hash = "sha256:7cb5c145fbd4bcc0cd4851dc4d0a6079a8e2f61257f8c0effc92434f6fb19b14"},
    {file = "tree_sitter-0.22.3-cp312-cp312-macosx_11_0_arm64.whl", hash = "sha256:d4a592080db6b9472a886f4593b4705d02630721fdbe4a700085fe775fcab20e"},
    {file = "tree_sitter-0.22.3-cp312-cp312-manylinux_2_17_aarch64.manylinux2014_aarch64.whl", hash = "sha256:f36bf523763f05edf924126583ea997f905162046c0f184d6fd040cc1ccbf2c5"},
    {file = "tree_sitter-0.22.3-cp312-cp312-manylinux_2_17_x86_64.manylinux2014_x86_64.whl", hash = "sha256:f8e1193f27c25aab299f4fc154664122c7bfe80633b726bb457356d371479a5b"},
    {file = "tree_sitter-0.22.3-cp312-cp312-musllinux_1_1_aarch64.whl", hash = "sha256:156df7e71a6c6b542ff29526cad6886a41115e42dc768c55101398d68325db54"},
    {file = "tree_sitter-0.22.3-cp312-cp312-musllinux_1_1_x86_64.whl", hash = "sha256:82e1d467ce23dd2ecc37d4fb83965e891fc37b943639c517cd5acf54a2df0ff7"},
    {file = "tree_sitter-0.22.3-cp312-cp312-win_amd64.whl", hash = "sha256:e541a0c08a04f229ba9479a8c441dd267fdaa3e5842ae70a744c178bcaf53fa3"},
    {file = "tree_sitter-0.22.3-cp39-cp39-macosx_10_9_x86_64.whl", hash = "sha256:a85a1d0fdff21cc524a959b3277c311941a9b5b91a862e462c1b55470893884a"},
    {file = "tree_sitter-0.22.3-cp39-cp39-macosx_11_0_arm64.whl", hash = "sha256:f96c6acd2799bafa28543a267937eec6a3d9ccbdeb6e1d05858114d4cd882da9"},
    {file = "tree_sitter-0.22.3-cp39-cp39-manylinux_2_17_aarch64.manylinux2014_aarch64.whl", hash = "sha256:ed2708aecd3a4c8d20a89350d3c89ac2f964985ee9117c39357cee3098a9498a"},
    {file = "tree_sitter-0.22.3-cp39-cp39-manylinux_2_17_x86_64.manylinux2014_x86_64.whl", hash = "sha256:6b2f99535aa4195b20fef18559defaabd9e12fe8ed8806c101d51820f240ca64"},
    {file = "tree_sitter-0.22.3-cp39-cp39-musllinux_1_1_aarch64.whl", hash = "sha256:459a0f3bf8d6dbb9e9f651d67cee3a60f0b799fefd4a33f49a7e9501ada98e35"},
    {file = "tree_sitter-0.22.3-cp39-cp39-musllinux_1_1_x86_64.whl", hash = "sha256:4a51bfe99dcd8bbfb0fe95113f0197e6e540db3077abce77a058235beec747a3"},
    {file = "tree_sitter-0.22.3-cp39-cp39-win_amd64.whl", hash = "sha256:8d54ef562492493bf091cb3fd605cb7e60bf1d56634a94ab48075741d823e3a5"},
]

[package.extras]
docs = ["sphinx (>=7.3,<8.0)", "sphinx-book-theme"]
tests = ["tree-sitter-html", "tree-sitter-javascript", "tree-sitter-json", "tree-sitter-python", "tree-sitter-rust"]

[[package]]
name = "tree-sitter-markdown"
version = "0.2.3"
description = "Markdown grammar for tree-sitter"
optional = false
python-versions = ">=3.8"
files = []
develop = false

[package.extras]
core = ["tree-sitter (>=0.21,<1.0)"]

[package.source]
type = "git"
url = "https://github.com/tree-sitter-grammars/tree-sitter-markdown"
reference = "v0.2.3"
resolved_reference = "62516e8c78380e3b51d5b55727995d2c511436d8"

[metadata]
lock-version = "2.0"
python-versions = "^3.11"
content-hash = "76dfec07f237ebe46f0e120d15bd3e560f4ae6106f7cd03edeb2be6d0a8c3bcc"
